
Microsoft Visual Studio Solution File, Format Version 12.00
# Visual Studio Version 16
VisualStudioVersion = 16.0.30128.36
MinimumVisualStudioVersion = 10.0.40219.1
Project("{FAE04EC0-301F-11D3-BF4B-00C04F79EFBC}") = "BetterClicker", "BetterClicker.csproj", "{587215CE-53BC-4D67-8FCF-B1E3D190BB36}"
EndProject
Global
	GlobalSection(SolutionConfigurationPlatforms) = preSolution
		Debug|Any CPU = Debug|Any CPU
		Release|Any CPU = Release|Any CPU
	EndGlobalSection
	GlobalSection(ProjectConfigurationPlatforms) = postSolution
		{587215CE-53BC-4D67-8FCF-B1E3D190BB36}.Debug|Any CPU.ActiveCfg = Debug|Any CPU
		{587215CE-53BC-4D67-8FCF-B1E3D190BB36}.Debug|Any CPU.Build.0 = Debug|Any CPU
		{587215CE-53BC-4D67-8FCF-B1E3D190BB36}.Release|Any CPU.ActiveCfg = Release|Any CPU
		{587215CE-53BC-4D67-8FCF-B1E3D190BB36}.Release|Any CPU.Build.0 = Release|Any CPU
	EndGlobalSection
	GlobalSection(SolutionProperties) = preSolution
		HideSolutionNode = FALSE
	EndGlobalSection
	GlobalSection(ExtensibilityGlobals) = postSolution
		SolutionGuid = {98FA0DED-340F-4753-AEBC-4127A952A3BF}
	EndGlobalSection
EndGlobal
